
Microsoft Visual Studio Solution File, Format Version 12.00
# Visual Studio Version 17
VisualStudioVersion = 17.14.36414.22 d17.14
MinimumVisualStudioVersion = 10.0.40219.1
Project("{FAE04EC0-301F-11D3-BF4B-00C04F79EFBC}") = "CarSalon", "CarSalon\CarSalon.csproj", "{F09C13B8-C2F2-4076-BD19-55A012CE35CE}"
EndProject
Global
	GlobalSection(SolutionConfigurationPlatforms) = preSolution
		Debug|Any CPU = Debug|Any CPU
		Release|Any CPU = Release|Any CPU
	EndGlobalSection
	GlobalSection(ProjectConfigurationPlatforms) = postSolution
		{F09C13B8-C2F2-4076-BD19-55A012CE35CE}.Debug|Any CPU.ActiveCfg = Debug|Any CPU
		{F09C13B8-C2F2-4076-BD19-55A012CE35CE}.Debug|Any CPU.Build.0 = Debug|Any CPU
		{F09C13B8-C2F2-4076-BD19-55A012CE35CE}.Release|Any CPU.ActiveCfg = Release|Any CPU
		{F09C13B8-C2F2-4076-BD19-55A012CE35CE}.Release|Any CPU.Build.0 = Release|Any CPU
	EndGlobalSection
	GlobalSection(SolutionProperties) = preSolution
		HideSolutionNode = FALSE
	EndGlobalSection
	GlobalSection(ExtensibilityGlobals) = postSolution
		SolutionGuid = {33207149-D0A9-442E-B88F-E040F384F438}
	EndGlobalSection
EndGlobal
